
Microsoft Visual Studio Solution File, Format Version 12.00
# Visual Studio Version 16
VisualStudioVersion = 16.0.30717.126
MinimumVisualStudioVersion = 10.0.40219.1
Project("{FAE04EC0-301F-11D3-BF4B-00C04F79EFBC}") = "PS3", "PS3\PS3.csproj", "{1B2AB36A-7FBE-4C70-B80D-D246257F746B}"
EndProject
Global
	GlobalSection(SolutionConfigurationPlatforms) = preSolution
		Debug|Any CPU = Debug|Any CPU
		Release|Any CPU = Release|Any CPU
	EndGlobalSection
	GlobalSection(ProjectConfigurationPlatforms) = postSolution
		{1B2AB36A-7FBE-4C70-B80D-D246257F746B}.Debug|Any CPU.ActiveCfg = Debug|Any CPU
		{1B2AB36A-7FBE-4C70-B80D-D246257F746B}.Debug|Any CPU.Build.0 = Debug|Any CPU
		{1B2AB36A-7FBE-4C70-B80D-D246257F746B}.Release|Any CPU.ActiveCfg = Release|Any CPU
		{1B2AB36A-7FBE-4C70-B80D-D246257F746B}.Release|Any CPU.Build.0 = Release|Any CPU
	EndGlobalSection
	GlobalSection(SolutionProperties) = preSolution
		HideSolutionNode = FALSE
	EndGlobalSection
	GlobalSection(ExtensibilityGlobals) = postSolution
		SolutionGuid = {57B9DB95-2252-4BC9-98F0-1B969C05C99F}
	EndGlobalSection
EndGlobal
